
Microsoft Visual Studio Solution File, Format Version 12.00
# Visual Studio Version 16
VisualStudioVersion = 16.0.31729.503
MinimumVisualStudioVersion = 10.0.40219.1
Project("{8BC9CEB8-8B4A-11D0-8D11-00A0C91BC942}") = "SupaNES", "SupaNES.vcxproj", "{A2A953F4-AEA1-4C9A-8058-A087DED2246A}"
EndProject
Global
	GlobalSection(SolutionConfigurationPlatforms) = preSolution
		Debug|x64 = Debug|x64
		Release|x64 = Release|x64
	EndGlobalSection
	GlobalSection(ProjectConfigurationPlatforms) = postSolution
		{A2A953F4-AEA1-4C9A-8058-A087DED2246A}.Debug|x64.ActiveCfg = Debug|x64
		{A2A953F4-AEA1-4C9A-8058-A087DED2246A}.Debug|x64.Build.0 = Debug|x64
		{A2A953F4-AEA1-4C9A-8058-A087DED2246A}.Release|x64.ActiveCfg = Release|x64
		{A2A953F4-AEA1-4C9A-8058-A087DED2246A}.Release|x64.Build.0 = Release|x64
	EndGlobalSection
	GlobalSection(SolutionProperties) = preSolution
		HideSolutionNode = FALSE
	EndGlobalSection
	GlobalSection(ExtensibilityGlobals) = postSolution
		SolutionGuid = {B1D10821-E944-4817-AF80-4D5E35E05E1D}
	EndGlobalSection
EndGlobal
